
Microsoft Visual Studio Solution File, Format Version 12.00
# Visual Studio Version 16
VisualStudioVersion = 16.0.30717.126
MinimumVisualStudioVersion = 10.0.40219.1
Project("{FAE04EC0-301F-11D3-BF4B-00C04F79EFBC}") = "Homework-8", "Homework-8\Homework-8.csproj", "{B3EB0378-7F0C-4C86-A1C9-CB3E6A2E27AF}"
EndProject
Global
	GlobalSection(SolutionConfigurationPlatforms) = preSolution
		Debug|Any CPU = Debug|Any CPU
		Release|Any CPU = Release|Any CPU
	EndGlobalSection
	GlobalSection(ProjectConfigurationPlatforms) = postSolution
		{B3EB0378-7F0C-4C86-A1C9-CB3E6A2E27AF}.Debug|Any CPU.ActiveCfg = Debug|Any CPU
		{B3EB0378-7F0C-4C86-A1C9-CB3E6A2E27AF}.Debug|Any CPU.Build.0 = Debug|Any CPU
		{B3EB0378-7F0C-4C86-A1C9-CB3E6A2E27AF}.Release|Any CPU.ActiveCfg = Release|Any CPU
		{B3EB0378-7F0C-4C86-A1C9-CB3E6A2E27AF}.Release|Any CPU.Build.0 = Release|Any CPU
	EndGlobalSection
	GlobalSection(SolutionProperties) = preSolution
		HideSolutionNode = FALSE
	EndGlobalSection
	GlobalSection(ExtensibilityGlobals) = postSolution
		SolutionGuid = {951A82FD-F66B-46E5-A9E9-7446BA3701F4}
	EndGlobalSection
EndGlobal
