
Microsoft Visual Studio Solution File, Format Version 12.00
# Visual Studio Version 16
VisualStudioVersion = 16.0.30804.86
MinimumVisualStudioVersion = 10.0.40219.1
Project("{FAE04EC0-301F-11D3-BF4B-00C04F79EFBC}") = "1. File txt", "1. File txt\1. File txt.csproj", "{4401B838-534A-4C4B-A7CE-04E68C15E09D}"
EndProject
Project("{FAE04EC0-301F-11D3-BF4B-00C04F79EFBC}") = "2.Time_txt", "2.Time_txt\2.Time_txt.csproj", "{9227AD60-F6A0-4DBA-9647-3C7CC902C7E9}"
EndProject
Project("{FAE04EC0-301F-11D3-BF4B-00C04F79EFBC}") = "3.Binary_file", "3.Binary_file\3.Binary_file.csproj", "{A82FEBD7-7107-46A0-A5A5-2DF82F403BED}"
EndProject
Project("{FAE04EC0-301F-11D3-BF4B-00C04F79EFBC}") = "4.Tree_directory", "4.Tree_directory\4.Tree_directory.csproj", "{8145EE2E-7688-4272-AC75-9E29612ACF9A}"
EndProject
Project("{FAE04EC0-301F-11D3-BF4B-00C04F79EFBC}") = "5.Task_list", "5.Task_list\5.Task_list.csproj", "{92F3851E-3085-463B-8F52-781948B575DA}"
EndProject
Global
	GlobalSection(SolutionConfigurationPlatforms) = preSolution
		Debug|Any CPU = Debug|Any CPU
		Release|Any CPU = Release|Any CPU
	EndGlobalSection
	GlobalSection(ProjectConfigurationPlatforms) = postSolution
		{4401B838-534A-4C4B-A7CE-04E68C15E09D}.Debug|Any CPU.ActiveCfg = Debug|Any CPU
		{4401B838-534A-4C4B-A7CE-04E68C15E09D}.Debug|Any CPU.Build.0 = Debug|Any CPU
		{4401B838-534A-4C4B-A7CE-04E68C15E09D}.Release|Any CPU.ActiveCfg = Release|Any CPU
		{4401B838-534A-4C4B-A7CE-04E68C15E09D}.Release|Any CPU.Build.0 = Release|Any CPU
		{9227AD60-F6A0-4DBA-9647-3C7CC902C7E9}.Debug|Any CPU.ActiveCfg = Debug|Any CPU
		{9227AD60-F6A0-4DBA-9647-3C7CC902C7E9}.Debug|Any CPU.Build.0 = Debug|Any CPU
		{9227AD60-F6A0-4DBA-9647-3C7CC902C7E9}.Release|Any CPU.ActiveCfg = Release|Any CPU
		{9227AD60-F6A0-4DBA-9647-3C7CC902C7E9}.Release|Any CPU.Build.0 = Release|Any CPU
		{A82FEBD7-7107-46A0-A5A5-2DF82F403BED}.Debug|Any CPU.ActiveCfg = Debug|Any CPU
		{A82FEBD7-7107-46A0-A5A5-2DF82F403BED}.Debug|Any CPU.Build.0 = Debug|Any CPU
		{A82FEBD7-7107-46A0-A5A5-2DF82F403BED}.Release|Any CPU.ActiveCfg = Release|Any CPU
		{A82FEBD7-7107-46A0-A5A5-2DF82F403BED}.Release|Any CPU.Build.0 = Release|Any CPU
		{8145EE2E-7688-4272-AC75-9E29612ACF9A}.Debug|Any CPU.ActiveCfg = Debug|Any CPU
		{8145EE2E-7688-4272-AC75-9E29612ACF9A}.Debug|Any CPU.Build.0 = Debug|Any CPU
		{8145EE2E-7688-4272-AC75-9E29612ACF9A}.Release|Any CPU.ActiveCfg = Release|Any CPU
		{8145EE2E-7688-4272-AC75-9E29612ACF9A}.Release|Any CPU.Build.0 = Release|Any CPU
		{92F3851E-3085-463B-8F52-781948B575DA}.Debug|Any CPU.ActiveCfg = Debug|Any CPU
		{92F3851E-3085-463B-8F52-781948B575DA}.Debug|Any CPU.Build.0 = Debug|Any CPU
		{92F3851E-3085-463B-8F52-781948B575DA}.Release|Any CPU.ActiveCfg = Release|Any CPU
		{92F3851E-3085-463B-8F52-781948B575DA}.Release|Any CPU.Build.0 = Release|Any CPU
	EndGlobalSection
	GlobalSection(SolutionProperties) = preSolution
		HideSolutionNode = FALSE
	EndGlobalSection
	GlobalSection(ExtensibilityGlobals) = postSolution
		SolutionGuid = {241F83F7-7E85-4845-B791-ED126A866044}
	EndGlobalSection
EndGlobal
